// !$*UTF8*$!
{
	archiveVersion = 1;
	classes = {
	};
	objectVersion = 50;
	objects = {

/* Begin PBXBuildFile section */
		10414483219E0E260033D525 /* AppDelegate.swift in Sources */ = {isa = PBXBuildFile; fileRef = 10414482219E0E260033D525 /* AppDelegate.swift */; };
		10414485219E0E260033D525 /* ViewController.swift in Sources */ = {isa = PBXBuildFile; fileRef = 10414484219E0E260033D525 /* ViewController.swift */; };
		10414488219E0E260033D525 /* Main.storyboard in Resources */ = {isa = PBXBuildFile; fileRef = 10414486219E0E260033D525 /* Main.storyboard */; };
		1041448A219E0E270033D525 /* Assets.xcassets in Resources */ = {isa = PBXBuildFile; fileRef = 10414489219E0E270033D525 /* Assets.xcassets */; };
		1041448D219E0E270033D525 /* LaunchScreen.storyboard in Resources */ = {isa = PBXBuildFile; fileRef = 1041448B219E0E270033D525 /* LaunchScreen.storyboard */; };
		10414498219E0E270033D525 /* AlgorithmAppTests.swift in Sources */ = {isa = PBXBuildFile; fileRef = 10414497219E0E270033D525 /* AlgorithmAppTests.swift */; };
		104144A3219E0E270033D525 /* AlgorithmAppUITests.swift in Sources */ = {isa = PBXBuildFile; fileRef = 104144A2219E0E270033D525 /* AlgorithmAppUITests.swift */; };
/* End PBXBuildFile section */

/* Begin PBXContainerItemProxy section */
		10414494219E0E270033D525 /* PBXContainerItemProxy */ = {
			isa = PBXContainerItemProxy;
			containerPortal = 10414477219E0E260033D525 /* Project object */;
			proxyType = 1;
			remoteGlobalIDString = 1041447E219E0E260033D525;
			remoteInfo = AlgorithmApp;
		};
		1041449F219E0E270033D525 /* PBXContainerItemProxy */ = {
			isa = PBXContainerItemProxy;
			containerPortal = 10414477219E0E260033D525 /* Project object */;
			proxyType = 1;
			remoteGlobalIDString = 1041447E219E0E260033D525;
			remoteInfo = AlgorithmApp;
		};
/* End PBXContainerItemProxy section */

/* Begin PBXFileReference section */
		1041447F219E0E260033D525 /* AlgorithmApp.app */ = {isa = PBXFileReference; explicitFileType = wrapper.application; includeInIndex = 0; path = AlgorithmApp.app; sourceTree = BUILT_PRODUCTS_DIR; };
		10414482219E0E260033D525 /* AppDelegate.swift */ = {isa = PBXFileReference; lastKnownFileType = sourcecode.swift; path = AppDelegate.swift; sourceTree = "<group>"; };
		10414484219E0E260033D525 /* ViewController.swift */ = {isa = PBXFileReference; lastKnownFileType = sourcecode.swift; path = ViewController.swift; sourceTree = "<group>"; };
		10414487219E0E260033D525 /* Base */ = {isa = PBXFileReference; lastKnownFileType = file.storyboard; name = Base; path = Base.lproj/Main.storyboard; sourceTree = "<group>"; };
		10414489219E0E270033D525 /* Assets.xcassets */ = {isa = PBXFileReference; lastKnownFileType = folder.assetcatalog; path = Assets.xcassets; sourceTree = "<group>"; };
		1041448C219E0E270033D525 /* Base */ = {isa = PBXFileReference; lastKnownFileType = file.storyboard; name = Base; path = Base.lproj/LaunchScreen.storyboard; sourceTree = "<group>"; };
		1041448E219E0E270033D525 /* Info.plist */ = {isa = PBXFileReference; lastKnownFileType = text.plist.xml; path = Info.plist; sourceTree = "<group>"; };
		10414493219E0E270033D525 /* AlgorithmAppTests.xctest */ = {isa = PBXFileReference; explicitFileType = wrapper.cfbundle; includeInIndex = 0; path = AlgorithmAppTests.xctest; sourceTree = BUILT_PRODUCTS_DIR; };
		10414497219E0E270033D525 /* AlgorithmAppTests.swift */ = {isa = PBXFileReference; lastKnownFileType = sourcecode.swift; path = AlgorithmAppTests.swift; sourceTree = "<group>"; };
		10414499219E0E270033D525 /* Info.plist */ = {isa = PBXFileReference; lastKnownFileType = text.plist.xml; path = Info.plist; sourceTree = "<group>"; };
		1041449E219E0E270033D525 /* AlgorithmAppUITests.xctest */ = {isa = PBXFileReference; explicitFileType = wrapper.cfbundle; includeInIndex = 0; path = AlgorithmAppUITests.xctest; sourceTree = BUILT_PRODUCTS_DIR; };
		104144A2219E0E270033D525 /* AlgorithmAppUITests.swift */ = {isa = PBXFileReference; lastKnownFileType = sourcecode.swift; path = AlgorithmAppUITests.swift; sourceTree = "<group>"; };
		104144A4219E0E270033D525 /* Info.plist */ = {isa = PBXFileReference; lastKnownFileType = text.plist.xml; path = Info.plist; sourceTree = "<group>"; };
/* End PBXFileReference section */

/* Begin PBXFrameworksBuildPhase section */
		1041447C219E0E260033D525 /* Frameworks */ = {
			isa = PBXFrameworksBuildPhase;
			buildActionMask = 2147483647;
			files = (
			);
			runOnlyForDeploymentPostprocessing = 0;
		};
		10414490219E0E270033D525 /* Frameworks */ = {
			isa = PBXFrameworksBuildPhase;
			buildActionMask = 2147483647;
			files = (
			);
			runOnlyForDeploymentPostprocessing = 0;
		};
		1041449B219E0E270033D525 /* Frameworks */ = {
			isa = PBXFrameworksBuildPhase;
			buildActionMask = 2147483647;
			files = (
			);
			runOnlyForDeploymentPostprocessing = 0;
		};
/* End PBXFrameworksBuildPhase section */

/* Begin PBXGroup section */
		10414476219E0E260033D525 = {
			isa = PBXGroup;
			children = (
				10414481219E0E260033D525 /* AlgorithmApp */,
				10414496219E0E270033D525 /* AlgorithmAppTests */,
				104144A1219E0E270033D525 /* AlgorithmAppUITests */,
				10414480219E0E260033D525 /* Products */,
			);
			sourceTree = "<group>";
		};
		10414480219E0E260033D525 /* Products */ = {
			isa = PBXGroup;
			children = (
				1041447F219E0E260033D525 /* AlgorithmApp.app */,
				10414493219E0E270033D525 /* AlgorithmAppTests.xctest */,
				1041449E219E0E270033D525 /* AlgorithmAppUITests.xctest */,
			);
			name = Products;
			sourceTree = "<group>";
		};
		10414481219E0E260033D525 /* AlgorithmApp */ = {
			isa = PBXGroup;
			children = (
				10414482219E0E260033D525 /* AppDelegate.swift */,
				10414484219E0E260033D525 /* ViewController.swift */,
				10414486219E0E260033D525 /* Main.storyboard */,
				10414489219E0E270033D525 /* Assets.xcassets */,
				1041448B219E0E270033D525 /* LaunchScreen.storyboard */,
				1041448E219E0E270033D525 /* Info.plist */,
			);
			path = AlgorithmApp;
			sourceTree = "<group>";
		};
		10414496219E0E270033D525 /* AlgorithmAppTests */ = {
			isa = PBXGroup;
			children = (
				10414497219E0E270033D525 /* AlgorithmAppTests.swift */,
				10414499219E0E270033D525 /* Info.plist */,
			);
			path = AlgorithmAppTests;
			sourceTree = "<group>";
		};
		104144A1219E0E270033D525 /* AlgorithmAppUITests */ = {
			isa = PBXGroup;
			children = (
				104144A2219E0E270033D525 /* AlgorithmAppUITests.swift */,
				104144A4219E0E270033D525 /* Info.plist */,
			);
			path = AlgorithmAppUITests;
			sourceTree = "<group>";
		};
/* End PBXGroup section */

/* Begin PBXNativeTarget section */
		1041447E219E0E260033D525 /* AlgorithmApp */ = {
			isa = PBXNativeTarget;
			buildConfigurationList = 104144A7219E0E270033D525 /* Build configuration list for PBXNativeTarget "AlgorithmApp" */;
			buildPhases = (
				1041447B219E0E260033D525 /* Sources */,
				1041447C219E0E260033D525 /* Frameworks */,
				1041447D219E0E260033D525 /* Resources */,
			);
			buildRules = (
			);
			dependencies = (
			);
			name = AlgorithmApp;
			productName = AlgorithmApp;
			productReference = 1041447F219E0E260033D525 /* AlgorithmApp.app */;
			productType = "com.apple.product-type.application";
		};
		10414492219E0E270033D525 /* AlgorithmAppTests */ = {
			isa = PBXNativeTarget;
			buildConfigurationList = 104144AA219E0E270033D525 /* Build configuration list for PBXNativeTarget "AlgorithmAppTests" */;
			buildPhases = (
				1041448F219E0E270033D525 /* Sources */,
				10414490219E0E270033D525 /* Frameworks */,
				10414491219E0E270033D525 /* Resources */,
			);
			buildRules = (
			);
			dependencies = (
				10414495219E0E270033D525 /* PBXTargetDependency */,
			);
			name = AlgorithmAppTests;
			productName = AlgorithmAppTests;
			productReference = 10414493219E0E270033D525 /* AlgorithmAppTests.xctest */;
			productType = "com.apple.product-type.bundle.unit-test";
		};
		1041449D219E0E270033D525 /* AlgorithmAppUITests */ = {
			isa = PBXNativeTarget;
			buildConfigurationList = 104144AD219E0E270033D525 /* Build configuration list for PBXNativeTarget "AlgorithmAppUITests" */;
			buildPhases = (
				1041449A219E0E270033D525 /* Sources */,
				1041449B219E0E270033D525 /* Frameworks */,
				1041449C219E0E270033D525 /* Resources */,
			);
			buildRules = (
			);
			dependencies = (
				104144A0219E0E270033D525 /* PBXTargetDependency */,
			);
			name = AlgorithmAppUITests;
			productName = AlgorithmAppUITests;
			productReference = 1041449E219E0E270033D525 /* AlgorithmAppUITests.xctest */;
			productType = "com.apple.product-type.bundle.ui-testing";
		};
/* End PBXNativeTarget section */

/* Begin PBXProject section */
		10414477219E0E260033D525 /* Project object */ = {
			isa = PBXProject;
			attributes = {
				LastSwiftUpdateCheck = 0940;
				LastUpgradeCheck = 0940;
				ORGANIZATIONNAME = CTEC;
				TargetAttributes = {
					1041447E219E0E260033D525 = {
						CreatedOnToolsVersion = 9.4.1;
					};
					10414492219E0E270033D525 = {
						CreatedOnToolsVersion = 9.4.1;
						TestTargetID = 1041447E219E0E260033D525;
					};
					1041449D219E0E270033D525 = {
						CreatedOnToolsVersion = 9.4.1;
						TestTargetID = 1041447E219E0E260033D525;
					};
				};
			};
			buildConfigurationList = 1041447A219E0E260033D525 /* Build configuration list for PBXProject "AlgorithmApp" */;
			compatibilityVersion = "Xcode 9.3";
			developmentRegion = en;
			hasScannedForEncodings = 0;
			knownRegions = (
				en,
				Base,
			);
			mainGroup = 10414476219E0E260033D525;
			productRefGroup = 10414480219E0E260033D525 /* Products */;
			projectDirPath = "";
			projectRoot = "";
			targets = (
				1041447E219E0E260033D525 /* AlgorithmApp */,
				10414492219E0E270033D525 /* AlgorithmAppTests */,
				1041449D219E0E270033D525 /* AlgorithmAppUITests */,
			);
		};
/* End PBXProject section */

/* Begin PBXResourcesBuildPhase section */
		1041447D219E0E260033D525 /* Resources */ = {
			isa = PBXResourcesBuildPhase;
			buildActionMask = 2147483647;
			files = (
				1041448D219E0E270033D525 /* LaunchScreen.storyboard in Resources */,
				1041448A219E0E270033D525 /* Assets.xcassets in Resources */,
				10414488219E0E260033D525 /* Main.storyboard in Resources */,
			);
			runOnlyForDeploymentPostprocessing = 0;
		};
		10414491219E0E270033D525 /* Resources */ = {
			isa = PBXResourcesBuildPhase;
			buildActionMask = 2147483647;
			files = (
			);
			runOnlyForDeploymentPostprocessing = 0;
		};
		1041449C219E0E270033D525 /* Resources */ = {
			isa = PBXResourcesBuildPhase;
			buildActionMask = 2147483647;
			files = (
			);
			runOnlyForDeploymentPostprocessing = 0;
		};
/* End PBXResourcesBuildPhase section */

/* Begin PBXSourcesBuildPhase section */
		1041447B219E0E260033D525 /* Sources */ = {
			isa = PBXSourcesBuildPhase;
			buildActionMask = 2147483647;
			files = (
				10414485219E0E260033D525 /* ViewController.swift in Sources */,
				10414483219E0E260033D525 /* AppDelegate.swift in Sources */,
			);
			runOnlyForDeploymentPostprocessing = 0;
		};
		1041448F219E0E270033D525 /* Sources */ = {
			isa = PBXSourcesBuildPhase;
			buildActionMask = 2147483647;
			files = (
				10414498219E0E270033D525 /* AlgorithmAppTests.swift in Sources */,
			);
			runOnlyForDeploymentPostprocessing = 0;
		};
		1041449A219E0E270033D525 /* Sources */ = {
			isa = PBXSourcesBuildPhase;
			buildActionMask = 2147483647;
			files = (
				104144A3219E0E270033D525 /* AlgorithmAppUITests.swift in Sources */,
			);
			runOnlyForDeploymentPostprocessing = 0;
		};
/* End PBXSourcesBuildPhase section */

/* Begin PBXTargetDependency section */
		10414495219E0E270033D525 /* PBXTargetDependency */ = {
			isa = PBXTargetDependency;
			target = 1041447E219E0E260033D525 /* AlgorithmApp */;
			targetProxy = 10414494219E0E270033D525 /* PBXContainerItemProxy */;
		};
		104144A0219E0E270033D525 /* PBXTargetDependency */ = {
			isa = PBXTargetDependency;
			target = 1041447E219E0E260033D525 /* AlgorithmApp */;
			targetProxy = 1041449F219E0E270033D525 /* PBXContainerItemProxy */;
		};
/* End PBXTargetDependency section */

/* Begin PBXVariantGroup section */
		10414486219E0E260033D525 /* Main.storyboard */ = {
			isa = PBXVariantGroup;
			children = (
				10414487219E0E260033D525 /* Base */,
			);
			name = Main.storyboard;
			sourceTree = "<group>";
		};
		1041448B219E0E270033D525 /* LaunchScreen.storyboard */ = {
			isa = PBXVariantGroup;
			children = (
				1041448C219E0E270033D525 /* Base */,
			);
			name = LaunchScreen.storyboard;
			sourceTree = "<group>";
		};
/* End PBXVariantGroup section */

/* Begin XCBuildConfiguration section */
		104144A5219E0E270033D525 /* Debug */ = {
			isa = XCBuildConfiguration;
			buildSettings = {
				ALWAYS_SEARCH_USER_PATHS = NO;
				CLANG_ANALYZER_NONNULL = YES;
				CLANG_ANALYZER_NUMBER_OBJECT_CONVERSION = YES_AGGRESSIVE;
				CLANG_CXX_LANGUAGE_STANDARD = "gnu++14";
				CLANG_CXX_LIBRARY = "libc++";
				CLANG_ENABLE_MODULES = YES;
				CLANG_ENABLE_OBJC_ARC = YES;
				CLANG_ENABLE_OBJC_WEAK = YES;
				CLANG_WARN_BLOCK_CAPTURE_AUTORELEASING = YES;
				CLANG_WARN_BOOL_CONVERSION = YES;
				CLANG_WARN_COMMA = YES;
				CLANG_WARN_CONSTANT_CONVERSION = YES;
				CLANG_WARN_DEPRECATED_OBJC_IMPLEMENTATIONS = YES;
				CLANG_WARN_DIRECT_OBJC_ISA_USAGE = YES_ERROR;
				CLANG_WARN_DOCUMENTATION_COMMENTS = YES;
				CLANG_WARN_EMPTY_BODY = YES;
				CLANG_WARN_ENUM_CONVERSION = YES;
				CLANG_WARN_INFINITE_RECURSION = YES;
				CLANG_WARN_INT_CONVERSION = YES;
				CLANG_WARN_NON_LITERAL_NULL_CONVERSION = YES;
				CLANG_WARN_OBJC_IMPLICIT_RETAIN_SELF = YES;
				CLANG_WARN_OBJC_LITERAL_CONVERSION = YES;
				CLANG_WARN_OBJC_ROOT_CLASS = YES_ERROR;
				CLANG_WARN_RANGE_LOOP_ANALYSIS = YES;
				CLANG_WARN_STRICT_PROTOTYPES = YES;
				CLANG_WARN_SUSPICIOUS_MOVE = YES;
				CLANG_WARN_UNGUARDED_AVAILABILITY = YES_AGGRESSIVE;
				CLANG_WARN_UNREACHABLE_CODE = YES;
				CLANG_WARN__DUPLICATE_METHOD_MATCH = YES;
				CODE_SIGN_IDENTITY = "iPhone Developer";
				COPY_PHASE_STRIP = NO;
				DEBUG_INFORMATION_FORMAT = dwarf;
				ENABLE_STRICT_OBJC_MSGSEND = YES;
				ENABLE_TESTABILITY = YES;
				GCC_C_LANGUAGE_STANDARD = gnu11;
				GCC_DYNAMIC_NO_PIC = NO;
				GCC_NO_COMMON_BLOCKS = YES;
				GCC_OPTIMIZATION_LEVEL = 0;
				GCC_PREPROCESSOR_DEFINITIONS = (
					"DEBUG=1",
					"$(inherited)",
				);
				GCC_WARN_64_TO_32_BIT_CONVERSION = YES;
				GCC_WARN_ABOUT_RETURN_TYPE = YES_ERROR;
				GCC_WARN_UNDECLARED_SELECTOR = YES;
				GCC_WARN_UNINITIALIZED_AUTOS = YES_AGGRESSIVE;
				GCC_WARN_UNUSED_FUNCTION = YES;
				GCC_WARN_UNUSED_VARIABLE = YES;
				IPHONEOS_DEPLOYMENT_TARGET = 11.4;
				MTL_ENABLE_DEBUG_INFO = YES;
				ONLY_ACTIVE_ARCH = YES;
				SDKROOT = iphoneos;
				SWIFT_ACTIVE_COMPILATION_CONDITIONS = DEBUG;
				SWIFT_OPTIMIZATION_LEVEL = "-Onone";
			};
			name = Debug;
		};
		104144A6219E0E270033D525 /* Release */ = {
			isa = XCBuildConfiguration;
			buildSettings = {
				ALWAYS_SEARCH_USER_PATHS = NO;
				CLANG_ANALYZER_NONNULL = YES;
				CLANG_ANALYZER_NUMBER_OBJECT_CONVERSION = YES_AGGRESSIVE;
				CLANG_CXX_LANGUAGE_STANDARD = "gnu++14";
				CLANG_CXX_LIBRARY = "libc++";
				CLANG_ENABLE_MODULES = YES;
				CLANG_ENABLE_OBJC_ARC = YES;
				CLANG_ENABLE_OBJC_WEAK = YES;
				CLANG_WARN_BLOCK_CAPTURE_AUTORELEASING = YES;
				CLANG_WARN_BOOL_CONVERSION = YES;
				CLANG_WARN_COMMA = YES;
				CLANG_WARN_CONSTANT_CONVERSION = YES;
				CLANG_WARN_DEPRECATED_OBJC_IMPLEMENTATIONS = YES;
				CLANG_WARN_DIRECT_OBJC_ISA_USAGE = YES_ERROR;
				CLANG_WARN_DOCUMENTATION_COMMENTS = YES;
				CLANG_WARN_EMPTY_BODY = YES;
				CLANG_WARN_ENUM_CONVERSION = YES;
				CLANG_WARN_INFINITE_RECURSION = YES;
				CLANG_WARN_INT_CONVERSION = YES;
				CLANG_WARN_NON_LITERAL_NULL_CONVERSION = YES;
				CLANG_WARN_OBJC_IMPLICIT_RETAIN_SELF = YES;
				CLANG_WARN_OBJC_LITERAL_CONVERSION = YES;
				CLANG_WARN_OBJC_ROOT_CLASS = YES_ERROR;
				CLANG_WARN_RANGE_LOOP_ANALYSIS = YES;
				CLANG_WARN_STRICT_PROTOTYPES = YES;
				CLANG_WARN_SUSPICIOUS_MOVE = YES;
				CLANG_WARN_UNGUARDED_AVAILABILITY = YES_AGGRESSIVE;
				CLANG_WARN_UNREACHABLE_CODE = YES;
				CLANG_WARN__DUPLICATE_METHOD_MATCH = YES;
				CODE_SIGN_IDENTITY = "iPhone Developer";
				COPY_PHASE_STRIP = NO;
				DEBUG_INFORMATION_FORMAT = "dwarf-with-dsym";
				ENABLE_NS_ASSERTIONS = NO;
				ENABLE_STRICT_OBJC_MSGSEND = YES;
				GCC_C_LANGUAGE_STANDARD = gnu11;
				GCC_NO_COMMON_BLOCKS = YES;
				GCC_WARN_64_TO_32_BIT_CONVERSION = YES;
				GCC_WARN_ABOUT_RETURN_TYPE = YES_ERROR;
				GCC_WARN_UNDECLARED_SELECTOR = YES;
				GCC_WARN_UNINITIALIZED_AUTOS = YES_AGGRESSIVE;
				GCC_WARN_UNUSED_FUNCTION = YES;
				GCC_WARN_UNUSED_VARIABLE = YES;
				IPHONEOS_DEPLOYMENT_TARGET = 11.4;
				MTL_ENABLE_DEBUG_INFO = NO;
				SDKROOT = iphoneos;
				SWIFT_COMPILATION_MODE = wholemodule;
				SWIFT_OPTIMIZATION_LEVEL = "-O";
				VALIDATE_PRODUCT = YES;
			};
			name = Release;
		};
		104144A8219E0E270033D525 /* Debug */ = {
			isa = XCBuildConfiguration;
			buildSettings = {
				ASSETCATALOG_COMPILER_APPICON_NAME = AppIcon;
				CODE_SIGN_STYLE = Automatic;
				INFOPLIST_FILE = AlgorithmApp/Info.plist;
				LD_RUNPATH_SEARCH_PATHS = (
					"$(inherited)",
					"@executable_path/Frameworks",
				);
				PRODUCT_BUNDLE_IDENTIFIER = CTEC.AlgorithmApp;
				PRODUCT_NAME = "$(TARGET_NAME)";
				SWIFT_VERSION = 4.0;
				TARGETED_DEVICE_FAMILY = "1,2";
			};
			name = Debug;
		};
		104144A9219E0E270033D525 /* Release */ = {
			isa = XCBuildConfiguration;
			buildSettings = {
				ASSETCATALOG_COMPILER_APPICON_NAME = AppIcon;
				CODE_SIGN_STYLE = Automatic;
				INFOPLIST_FILE = AlgorithmApp/Info.plist;
				LD_RUNPATH_SEARCH_PATHS = (
					"$(inherited)",
					"@executable_path/Frameworks",
				);
				PRODUCT_BUNDLE_IDENTIFIER = CTEC.AlgorithmApp;
				PRODUCT_NAME = "$(TARGET_NAME)";
				SWIFT_VERSION = 4.0;
				TARGETED_DEVICE_FAMILY = "1,2";
			};
			name = Release;
		};
		104144AB219E0E270033D525 /* Debug */ = {
			isa = XCBuildConfiguration;
			buildSettings = {
				ALWAYS_EMBED_SWIFT_STANDARD_LIBRARIES = YES;
				BUNDLE_LOADER = "$(TEST_HOST)";
				CODE_SIGN_STYLE = Automatic;
				INFOPLIST_FILE = AlgorithmAppTests/Info.plist;
				LD_RUNPATH_SEARCH_PATHS = (
					"$(inherited)",
					"@executable_path/Frameworks",
					"@loader_path/Frameworks",
				);
				PRODUCT_BUNDLE_IDENTIFIER = CTEC.AlgorithmAppTests;
				PRODUCT_NAME = "$(TARGET_NAME)";
				SWIFT_VERSION = 4.0;
				TARGETED_DEVICE_FAMILY = "1,2";
				TEST_HOST = "$(BUILT_PRODUCTS_DIR)/AlgorithmApp.app/AlgorithmApp";
			};
			name = Debug;
		};
		104144AC219E0E270033D525 /* Release */ = {
			isa = XCBuildConfiguration;
			buildSettings = {
				ALWAYS_EMBED_SWIFT_STANDARD_LIBRARIES = YES;
				BUNDLE_LOADER = "$(TEST_HOST)";
				CODE_SIGN_STYLE = Automatic;
				INFOPLIST_FILE = AlgorithmAppTests/Info.plist;
				LD_RUNPATH_SEARCH_PATHS = (
					"$(inherited)",
					"@executable_path/Frameworks",
					"@loader_path/Frameworks",
				);
				PRODUCT_BUNDLE_IDENTIFIER = CTEC.AlgorithmAppTests;
				PRODUCT_NAME = "$(TARGET_NAME)";
				SWIFT_VERSION = 4.0;
				TARGETED_DEVICE_FAMILY = "1,2";
				TEST_HOST = "$(BUILT_PRODUCTS_DIR)/AlgorithmApp.app/AlgorithmApp";
			};
			name = Release;
		};
		104144AE219E0E270033D525 /* Debug */ = {
			isa = XCBuildConfiguration;
			buildSettings = {
				ALWAYS_EMBED_SWIFT_STANDARD_LIBRARIES = YES;
				CODE_SIGN_STYLE = Automatic;
				INFOPLIST_FILE = AlgorithmAppUITests/Info.plist;
				LD_RUNPATH_SEARCH_PATHS = (
					"$(inherited)",
					"@executable_path/Frameworks",
					"@loader_path/Frameworks",
				);
				PRODUCT_BUNDLE_IDENTIFIER = CTEC.AlgorithmAppUITests;
				PRODUCT_NAME = "$(TARGET_NAME)";
				SWIFT_VERSION = 4.0;
				TARGETED_DEVICE_FAMILY = "1,2";
				TEST_TARGET_NAME = AlgorithmApp;
			};
			name = Debug;
		};
		104144AF219E0E270033D525 /* Release */ = {
			isa = XCBuildConfiguration;
			buildSettings = {
				ALWAYS_EMBED_SWIFT_STANDARD_LIBRARIES = YES;
				CODE_SIGN_STYLE = Automatic;
				INFOPLIST_FILE = AlgorithmAppUITests/Info.plist;
				LD_RUNPATH_SEARCH_PATHS = (
					"$(inherited)",
					"@executable_path/Frameworks",
					"@loader_path/Frameworks",
				);
				PRODUCT_BUNDLE_IDENTIFIER = CTEC.AlgorithmAppUITests;
				PRODUCT_NAME = "$(TARGET_NAME)";
				SWIFT_VERSION = 4.0;
				TARGETED_DEVICE_FAMILY = "1,2";
				TEST_TARGET_NAME = AlgorithmApp;
			};
			name = Release;
		};
/* End XCBuildConfiguration section */

/* Begin XCConfigurationList section */
		1041447A219E0E260033D525 /* Build configuration list for PBXProject "AlgorithmApp" */ = {
			isa = XCConfigurationList;
			buildConfigurations = (
				104144A5219E0E270033D525 /* Debug */,
				104144A6219E0E270033D525 /* Release */,
			);
			defaultConfigurationIsVisible = 0;
			defaultConfigurationName = Release;
		};
		104144A7219E0E270033D525 /* Build configuration list for PBXNativeTarget "AlgorithmApp" */ = {
			isa = XCConfigurationList;
			buildConfigurations = (
				104144A8219E0E270033D525 /* Debug */,
				104144A9219E0E270033D525 /* Release */,
			);
			defaultConfigurationIsVisible = 0;
			defaultConfigurationName = Release;
		};
		104144AA219E0E270033D525 /* Build configuration list for PBXNativeTarget "AlgorithmAppTests" */ = {
			isa = XCConfigurationList;
			buildConfigurations = (
				104144AB219E0E270033D525 /* Debug */,
				104144AC219E0E270033D525 /* Release */,
			);
			defaultConfigurationIsVisible = 0;
			defaultConfigurationName = Release;
		};
		104144AD219E0E270033D525 /* Build configuration list for PBXNativeTarget "AlgorithmAppUITests" */ = {
			isa = XCConfigurationList;
			buildConfigurations = (
				104144AE219E0E270033D525 /* Debug */,
				104144AF219E0E270033D525 /* Release */,
			);
			defaultConfigurationIsVisible = 0;
			defaultConfigurationName = Release;
		};
/* End XCConfigurationList section */
	};
	rootObject = 10414477219E0E260033D525 /* Project object */;
}
